# This file is autogenerated, do not edit; changes may be undone by the next 'dep ensure'.


[[projects]]
  branch = "master"
  name = "github.com/jgall/easyhttps"
  packages = ["."]
  revision = "81ccff0c32d1bb1cc3280c7fe31ce5b209eadf69"

[[projects]]
  branch = "master"
  name = "golang.org/x/crypto"
  packages = [
    "acme",
    "acme/autocert"
  ]
  revision = "8ac0e0d97ce45cd83d1d7243c060cb8461dda5e9"

[solve-meta]
  analyzer-name = "dep"
  analyzer-version = 1
  inputs-digest = "7653b26e9ac038b3f08570629068f3eff32642d1948c0ae3ecccb59d0c6efb95"
  solver-name = "gps-cdcl"
  solver-version = 1
